// !$*UTF8*$!
{
	archiveVersion = 1;
	classes = {
	};
	objectVersion = 46;
	objects = {

/* Begin PBXBuildFile section */
		AFAA2E8B1A0A653B007B608A /* AppDelegate.swift in Sources */ = {isa = PBXBuildFile; fileRef = AFAA2E8A1A0A653B007B608A /* AppDelegate.swift */; };
		AFAA2E8D1A0A653B007B608A /* ViewController.swift in Sources */ = {isa = PBXBuildFile; fileRef = AFAA2E8C1A0A653B007B608A /* ViewController.swift */; };
		AFAA2E901A0A653B007B608A /* Main.storyboard in Resources */ = {isa = PBXBuildFile; fileRef = AFAA2E8E1A0A653B007B608A /* Main.storyboard */; };
		AFAA2E921A0A653B007B608A /* Images.xcassets in Resources */ = {isa = PBXBuildFile; fileRef = AFAA2E911A0A653B007B608A /* Images.xcassets */; };
		AFAA2E951A0A653B007B608A /* LaunchScreen.xib in Resources */ = {isa = PBXBuildFile; fileRef = AFAA2E931A0A653B007B608A /* LaunchScreen.xib */; };
		AFAA2EA11A0A653B007B608A /* Nov04Tests.swift in Sources */ = {isa = PBXBuildFile; fileRef = AFAA2EA01A0A653B007B608A /* Nov04Tests.swift */; };
/* End PBXBuildFile section */

/* Begin PBXContainerItemProxy section */
		AFAA2E9B1A0A653B007B608A /* PBXContainerItemProxy */ = {
			isa = PBXContainerItemProxy;
			containerPortal = AFAA2E7D1A0A653B007B608A /* Project object */;
			proxyType = 1;
			remoteGlobalIDString = AFAA2E841A0A653B007B608A;
			remoteInfo = Nov04;
		};
/* End PBXContainerItemProxy section */

/* Begin PBXFileReference section */
		AFAA2E851A0A653B007B608A /* Nov04.app */ = {isa = PBXFileReference; explicitFileType = wrapper.application; includeInIndex = 0; path = Nov04.app; sourceTree = BUILT_PRODUCTS_DIR; };
		AFAA2E891A0A653B007B608A /* Info.plist */ = {isa = PBXFileReference; lastKnownFileType = text.plist.xml; path = Info.plist; sourceTree = "<group>"; };
		AFAA2E8A1A0A653B007B608A /* AppDelegate.swift */ = {isa = PBXFileReference; lastKnownFileType = sourcecode.swift; path = AppDelegate.swift; sourceTree = "<group>"; };
		AFAA2E8C1A0A653B007B608A /* ViewController.swift */ = {isa = PBXFileReference; lastKnownFileType = sourcecode.swift; path = ViewController.swift; sourceTree = "<group>"; };
		AFAA2E8F1A0A653B007B608A /* Base */ = {isa = PBXFileReference; lastKnownFileType = file.storyboard; name = Base; path = Base.lproj/Main.storyboard; sourceTree = "<group>"; };
		AFAA2E911A0A653B007B608A /* Images.xcassets */ = {isa = PBXFileReference; lastKnownFileType = folder.assetcatalog; path = Images.xcassets; sourceTree = "<group>"; };
		AFAA2E941A0A653B007B608A /* Base */ = {isa = PBXFileReference; lastKnownFileType = file.xib; name = Base; path = Base.lproj/LaunchScreen.xib; sourceTree = "<group>"; };
		AFAA2E9A1A0A653B007B608A /* Nov04Tests.xctest */ = {isa = PBXFileReference; explicitFileType = wrapper.cfbundle; includeInIndex = 0; path = Nov04Tests.xctest; sourceTree = BUILT_PRODUCTS_DIR; };
		AFAA2E9F1A0A653B007B608A /* Info.plist */ = {isa = PBXFileReference; lastKnownFileType = text.plist.xml; path = Info.plist; sourceTree = "<group>"; };
		AFAA2EA01A0A653B007B608A /* Nov04Tests.swift */ = {isa = PBXFileReference; lastKnownFileType = sourcecode.swift; path = Nov04Tests.swift; sourceTree = "<group>"; };
/* End PBXFileReference section */

/* Begin PBXFrameworksBuildPhase section */
		AFAA2E821A0A653B007B608A /* Frameworks */ = {
			isa = PBXFrameworksBuildPhase;
			buildActionMask = 2147483647;
			files = (
			);
			runOnlyForDeploymentPostprocessing = 0;
		};
		AFAA2E971A0A653B007B608A /* Frameworks */ = {
			isa = PBXFrameworksBuildPhase;
			buildActionMask = 2147483647;
			files = (
			);
			runOnlyForDeploymentPostprocessing = 0;
		};
/* End PBXFrameworksBuildPhase section */

/* Begin PBXGroup section */
		AFAA2E7C1A0A653B007B608A = {
			isa = PBXGroup;
			children = (
				AFAA2E871A0A653B007B608A /* Nov04 */,
				AFAA2E9D1A0A653B007B608A /* Nov04Tests */,
				AFAA2E861A0A653B007B608A /* Products */,
			);
			sourceTree = "<group>";
		};
		AFAA2E861A0A653B007B608A /* Products */ = {
			isa = PBXGroup;
			children = (
				AFAA2E851A0A653B007B608A /* Nov04.app */,
				AFAA2E9A1A0A653B007B608A /* Nov04Tests.xctest */,
			);
			name = Products;
			sourceTree = "<group>";
		};
		AFAA2E871A0A653B007B608A /* Nov04 */ = {
			isa = PBXGroup;
			children = (
				AFAA2E8A1A0A653B007B608A /* AppDelegate.swift */,
				AFAA2E8C1A0A653B007B608A /* ViewController.swift */,
				AFAA2E8E1A0A653B007B608A /* Main.storyboard */,
				AFAA2E911A0A653B007B608A /* Images.xcassets */,
				AFAA2E931A0A653B007B608A /* LaunchScreen.xib */,
				AFAA2E881A0A653B007B608A /* Supporting Files */,
			);
			path = Nov04;
			sourceTree = "<group>";
		};
		AFAA2E881A0A653B007B608A /* Supporting Files */ = {
			isa = PBXGroup;
			children = (
				AFAA2E891A0A653B007B608A /* Info.plist */,
			);
			name = "Supporting Files";
			sourceTree = "<group>";
		};
		AFAA2E9D1A0A653B007B608A /* Nov04Tests */ = {
			isa = PBXGroup;
			children = (
				AFAA2EA01A0A653B007B608A /* Nov04Tests.swift */,
				AFAA2E9E1A0A653B007B608A /* Supporting Files */,
			);
			path = Nov04Tests;
			sourceTree = "<group>";
		};
		AFAA2E9E1A0A653B007B608A /* Supporting Files */ = {
			isa = PBXGroup;
			children = (
				AFAA2E9F1A0A653B007B608A /* Info.plist */,
			);
			name = "Supporting Files";
			sourceTree = "<group>";
		};
/* End PBXGroup section */

/* Begin PBXNativeTarget section */
		AFAA2E841A0A653B007B608A /* Nov04 */ = {
			isa = PBXNativeTarget;
			buildConfigurationList = AFAA2EA41A0A653B007B608A /* Build configuration list for PBXNativeTarget "Nov04" */;
			buildPhases = (
				AFAA2E811A0A653B007B608A /* Sources */,
				AFAA2E821A0A653B007B608A /* Frameworks */,
				AFAA2E831A0A653B007B608A /* Resources */,
			);
			buildRules = (
			);
			dependencies = (
			);
			name = Nov04;
			productName = Nov04;
			productReference = AFAA2E851A0A653B007B608A /* Nov04.app */;
			productType = "com.apple.product-type.application";
		};
		AFAA2E991A0A653B007B608A /* Nov04Tests */ = {
			isa = PBXNativeTarget;
			buildConfigurationList = AFAA2EA71A0A653B007B608A /* Build configuration list for PBXNativeTarget "Nov04Tests" */;
			buildPhases = (
				AFAA2E961A0A653B007B608A /* Sources */,
				AFAA2E971A0A653B007B608A /* Frameworks */,
				AFAA2E981A0A653B007B608A /* Resources */,
			);
			buildRules = (
			);
			dependencies = (
				AFAA2E9C1A0A653B007B608A /* PBXTargetDependency */,
			);
			name = Nov04Tests;
			productName = Nov04Tests;
			productReference = AFAA2E9A1A0A653B007B608A /* Nov04Tests.xctest */;
			productType = "com.apple.product-type.bundle.unit-test";
		};
/* End PBXNativeTarget section */

/* Begin PBXProject section */
		AFAA2E7D1A0A653B007B608A /* Project object */ = {
			isa = PBXProject;
			attributes = {
				LastUpgradeCheck = 0610;
				ORGANIZATIONNAME = "John Doe";
				TargetAttributes = {
					AFAA2E841A0A653B007B608A = {
						CreatedOnToolsVersion = 6.1;
					};
					AFAA2E991A0A653B007B608A = {
						CreatedOnToolsVersion = 6.1;
						TestTargetID = AFAA2E841A0A653B007B608A;
					};
				};
			};
			buildConfigurationList = AFAA2E801A0A653B007B608A /* Build configuration list for PBXProject "Nov04" */;
			compatibilityVersion = "Xcode 3.2";
			developmentRegion = English;
			hasScannedForEncodings = 0;
			knownRegions = (
				en,
				Base,
			);
			mainGroup = AFAA2E7C1A0A653B007B608A;
			productRefGroup = AFAA2E861A0A653B007B608A /* Products */;
			projectDirPath = "";
			projectRoot = "";
			targets = (
				AFAA2E841A0A653B007B608A /* Nov04 */,
				AFAA2E991A0A653B007B608A /* Nov04Tests */,
			);
		};
/* End PBXProject section */

/* Begin PBXResourcesBuildPhase section */
		AFAA2E831A0A653B007B608A /* Resources */ = {
			isa = PBXResourcesBuildPhase;
			buildActionMask = 2147483647;
			files = (
				AFAA2E901A0A653B007B608A /* Main.storyboard in Resources */,
				AFAA2E951A0A653B007B608A /* LaunchScreen.xib in Resources */,
				AFAA2E921A0A653B007B608A /* Images.xcassets in Resources */,
			);
			runOnlyForDeploymentPostprocessing = 0;
		};
		AFAA2E981A0A653B007B608A /* Resources */ = {
			isa = PBXResourcesBuildPhase;
			buildActionMask = 2147483647;
			files = (
			);
			runOnlyForDeploymentPostprocessing = 0;
		};
/* End PBXResourcesBuildPhase section */

/* Begin PBXSourcesBuildPhase section */
		AFAA2E811A0A653B007B608A /* Sources */ = {
			isa = PBXSourcesBuildPhase;
			buildActionMask = 2147483647;
			files = (
				AFAA2E8D1A0A653B007B608A /* ViewController.swift in Sources */,
				AFAA2E8B1A0A653B007B608A /* AppDelegate.swift in Sources */,
			);
			runOnlyForDeploymentPostprocessing = 0;
		};
		AFAA2E961A0A653B007B608A /* Sources */ = {
			isa = PBXSourcesBuildPhase;
			buildActionMask = 2147483647;
			files = (
				AFAA2EA11A0A653B007B608A /* Nov04Tests.swift in Sources */,
			);
			runOnlyForDeploymentPostprocessing = 0;
		};
/* End PBXSourcesBuildPhase section */

/* Begin PBXTargetDependency section */
		AFAA2E9C1A0A653B007B608A /* PBXTargetDependency */ = {
			isa = PBXTargetDependency;
			target = AFAA2E841A0A653B007B608A /* Nov04 */;
			targetProxy = AFAA2E9B1A0A653B007B608A /* PBXContainerItemProxy */;
		};
/* End PBXTargetDependency section */

/* Begin PBXVariantGroup section */
		AFAA2E8E1A0A653B007B608A /* Main.storyboard */ = {
			isa = PBXVariantGroup;
			children = (
				AFAA2E8F1A0A653B007B608A /* Base */,
			);
			name = Main.storyboard;
			sourceTree = "<group>";
		};
		AFAA2E931A0A653B007B608A /* LaunchScreen.xib */ = {
			isa = PBXVariantGroup;
			children = (
				AFAA2E941A0A653B007B608A /* Base */,
			);
			name = LaunchScreen.xib;
			sourceTree = "<group>";
		};
/* End PBXVariantGroup section */

/* Begin XCBuildConfiguration section */
		AFAA2EA21A0A653B007B608A /* Debug */ = {
			isa = XCBuildConfiguration;
			buildSettings = {
				ALWAYS_SEARCH_USER_PATHS = NO;
				CLANG_CXX_LANGUAGE_STANDARD = "gnu++0x";
				CLANG_CXX_LIBRARY = "libc++";
				CLANG_ENABLE_MODULES = YES;
				CLANG_ENABLE_OBJC_ARC = YES;
				CLANG_WARN_BOOL_CONVERSION = YES;
				CLANG_WARN_CONSTANT_CONVERSION = YES;
				CLANG_WARN_DIRECT_OBJC_ISA_USAGE = YES_ERROR;
				CLANG_WARN_EMPTY_BODY = YES;
				CLANG_WARN_ENUM_CONVERSION = YES;
				CLANG_WARN_INT_CONVERSION = YES;
				CLANG_WARN_OBJC_ROOT_CLASS = YES_ERROR;
				CLANG_WARN_UNREACHABLE_CODE = YES;
				CLANG_WARN__DUPLICATE_METHOD_MATCH = YES;
				"CODE_SIGN_IDENTITY[sdk=iphoneos*]" = "iPhone Developer";
				COPY_PHASE_STRIP = NO;
				ENABLE_STRICT_OBJC_MSGSEND = YES;
				GCC_C_LANGUAGE_STANDARD = gnu99;
				GCC_DYNAMIC_NO_PIC = NO;
				GCC_OPTIMIZATION_LEVEL = 0;
				GCC_PREPROCESSOR_DEFINITIONS = (
					"DEBUG=1",
					"$(inherited)",
				);
				GCC_SYMBOLS_PRIVATE_EXTERN = NO;
				GCC_WARN_64_TO_32_BIT_CONVERSION = YES;
				GCC_WARN_ABOUT_RETURN_TYPE = YES_ERROR;
				GCC_WARN_UNDECLARED_SELECTOR = YES;
				GCC_WARN_UNINITIALIZED_AUTOS = YES_AGGRESSIVE;
				GCC_WARN_UNUSED_FUNCTION = YES;
				GCC_WARN_UNUSED_VARIABLE = YES;
				IPHONEOS_DEPLOYMENT_TARGET = 8.1;
				MTL_ENABLE_DEBUG_INFO = YES;
				ONLY_ACTIVE_ARCH = YES;
				SDKROOT = iphoneos;
				SWIFT_OPTIMIZATION_LEVEL = "-Onone";
			};
			name = Debug;
		};
		AFAA2EA31A0A653B007B608A /* Release */ = {
			isa = XCBuildConfiguration;
			buildSettings = {
				ALWAYS_SEARCH_USER_PATHS = NO;
				CLANG_CXX_LANGUAGE_STANDARD = "gnu++0x";
				CLANG_CXX_LIBRARY = "libc++";
				CLANG_ENABLE_MODULES = YES;
				CLANG_ENABLE_OBJC_ARC = YES;
				CLANG_WARN_BOOL_CONVERSION = YES;
				CLANG_WARN_CONSTANT_CONVERSION = YES;
				CLANG_WARN_DIRECT_OBJC_ISA_USAGE = YES_ERROR;
				CLANG_WARN_EMPTY_BODY = YES;
				CLANG_WARN_ENUM_CONVERSION = YES;
				CLANG_WARN_INT_CONVERSION = YES;
				CLANG_WARN_OBJC_ROOT_CLASS = YES_ERROR;
				CLANG_WARN_UNREACHABLE_CODE = YES;
				CLANG_WARN__DUPLICATE_METHOD_MATCH = YES;
				"CODE_SIGN_IDENTITY[sdk=iphoneos*]" = "iPhone Developer";
				COPY_PHASE_STRIP = YES;
				ENABLE_NS_ASSERTIONS = NO;
				ENABLE_STRICT_OBJC_MSGSEND = YES;
				GCC_C_LANGUAGE_STANDARD = gnu99;
				GCC_WARN_64_TO_32_BIT_CONVERSION = YES;
				GCC_WARN_ABOUT_RETURN_TYPE = YES_ERROR;
				GCC_WARN_UNDECLARED_SELECTOR = YES;
				GCC_WARN_UNINITIALIZED_AUTOS = YES_AGGRESSIVE;
				GCC_WARN_UNUSED_FUNCTION = YES;
				GCC_WARN_UNUSED_VARIABLE = YES;
				IPHONEOS_DEPLOYMENT_TARGET = 8.1;
				MTL_ENABLE_DEBUG_INFO = NO;
				SDKROOT = iphoneos;
				VALIDATE_PRODUCT = YES;
			};
			name = Release;
		};
		AFAA2EA51A0A653B007B608A /* Debug */ = {
			isa = XCBuildConfiguration;
			buildSettings = {
				ASSETCATALOG_COMPILER_APPICON_NAME = AppIcon;
				INFOPLIST_FILE = Nov04/Info.plist;
				LD_RUNPATH_SEARCH_PATHS = "$(inherited) @executable_path/Frameworks";
				PRODUCT_NAME = "$(TARGET_NAME)";
			};
			name = Debug;
		};
		AFAA2EA61A0A653B007B608A /* Release */ = {
			isa = XCBuildConfiguration;
			buildSettings = {
				ASSETCATALOG_COMPILER_APPICON_NAME = AppIcon;
				INFOPLIST_FILE = Nov04/Info.plist;
				LD_RUNPATH_SEARCH_PATHS = "$(inherited) @executable_path/Frameworks";
				PRODUCT_NAME = "$(TARGET_NAME)";
			};
			name = Release;
		};
		AFAA2EA81A0A653B007B608A /* Debug */ = {
			isa = XCBuildConfiguration;
			buildSettings = {
				BUNDLE_LOADER = "$(TEST_HOST)";
				FRAMEWORK_SEARCH_PATHS = (
					"$(SDKROOT)/Developer/Library/Frameworks",
					"$(inherited)",
				);
				GCC_PREPROCESSOR_DEFINITIONS = (
					"DEBUG=1",
					"$(inherited)",
				);
				INFOPLIST_FILE = Nov04Tests/Info.plist;
				LD_RUNPATH_SEARCH_PATHS = "$(inherited) @executable_path/Frameworks @loader_path/Frameworks";
				PRODUCT_NAME = "$(TARGET_NAME)";
				TEST_HOST = "$(BUILT_PRODUCTS_DIR)/Nov04.app/Nov04";
			};
			name = Debug;
		};
		AFAA2EA91A0A653B007B608A /* Release */ = {
			isa = XCBuildConfiguration;
			buildSettings = {
				BUNDLE_LOADER = "$(TEST_HOST)";
				FRAMEWORK_SEARCH_PATHS = (
					"$(SDKROOT)/Developer/Library/Frameworks",
					"$(inherited)",
				);
				INFOPLIST_FILE = Nov04Tests/Info.plist;
				LD_RUNPATH_SEARCH_PATHS = "$(inherited) @executable_path/Frameworks @loader_path/Frameworks";
				PRODUCT_NAME = "$(TARGET_NAME)";
				TEST_HOST = "$(BUILT_PRODUCTS_DIR)/Nov04.app/Nov04";
			};
			name = Release;
		};
/* End XCBuildConfiguration section */

/* Begin XCConfigurationList section */
		AFAA2E801A0A653B007B608A /* Build configuration list for PBXProject "Nov04" */ = {
			isa = XCConfigurationList;
			buildConfigurations = (
				AFAA2EA21A0A653B007B608A /* Debug */,
				AFAA2EA31A0A653B007B608A /* Release */,
			);
			defaultConfigurationIsVisible = 0;
			defaultConfigurationName = Release;
		};
		AFAA2EA41A0A653B007B608A /* Build configuration list for PBXNativeTarget "Nov04" */ = {
			isa = XCConfigurationList;
			buildConfigurations = (
				AFAA2EA51A0A653B007B608A /* Debug */,
				AFAA2EA61A0A653B007B608A /* Release */,
			);
			defaultConfigurationIsVisible = 0;
		};
		AFAA2EA71A0A653B007B608A /* Build configuration list for PBXNativeTarget "Nov04Tests" */ = {
			isa = XCConfigurationList;
			buildConfigurations = (
				AFAA2EA81A0A653B007B608A /* Debug */,
				AFAA2EA91A0A653B007B608A /* Release */,
			);
			defaultConfigurationIsVisible = 0;
		};
/* End XCConfigurationList section */
	};
	rootObject = AFAA2E7D1A0A653B007B608A /* Project object */;
}
